{
  "name": "open.felpsey.com",
  "version": "0.0.1",
  "lockfileVersion": 2,
  "requires": true,
  "packages": {
    "": {
      "name": "open.felpsey.com",
      "version": "0.0.1",
      "dependencies": {
        "dotenv": "^10.0.0",
        "route-parser": "^0.0.5"
      }
    },
    "node_modules/dotenv": {
      "version": "10.0.0",
      "resolved": "https://registry.npmjs.org/dotenv/-/dotenv-10.0.0.tgz",
      "integrity": "sha512-rlBi9d8jpv9Sf1klPjNfFAuWDjKLwTIJJ/VxtoTwIR6hnZxcEOQCZg2oIL3MWBYw5GpUDKOEnND7LXTbIpQ03Q==",
      "engines": {
        "node": ">=10"
      }
    },
    "node_modules/route-parser": {
      "version": "0.0.5",
      "resolved": "https://registry.npmjs.org/route-parser/-/route-parser-0.0.5.tgz",
      "integrity": "sha1-fR0J0zXkkJQDHqFpkaSnmwG74fQ=",
      "engines": {
        "node": ">= 0.9"
      }
    }
  },
  "dependencies": {
    "dotenv": {
      "version": "10.0.0",
      "resolved": "https://registry.npmjs.org/dotenv/-/dotenv-10.0.0.tgz",
      "integrity": "sha512-rlBi9d8jpv9Sf1klPjNfFAuWDjKLwTIJJ/VxtoTwIR6hnZxcEOQCZg2oIL3MWBYw5GpUDKOEnND7LXTbIpQ03Q=="
    },
    "route-parser": {
      "version": "0.0.5",
      "resolved": "https://registry.npmjs.org/route-parser/-/route-parser-0.0.5.tgz",
      "integrity": "sha1-fR0J0zXkkJQDHqFpkaSnmwG74fQ="
    }
  }
}
